
Microsoft Visual Studio Solution File, Format Version 12.00
# Visual Studio Version 17
VisualStudioVersion = 17.12.35707.178 d17.12
MinimumVisualStudioVersion = 10.0.40219.1
Project("{FAE04EC0-301F-11D3-BF4B-00C04F79EFBC}") = "ConsoleAppW2D1", "ConsoleAppW2D1\ConsoleAppW2D1.csproj", "{CCF94767-99F5-441C-B582-73FA06D7FDBB}"
EndProject
Global
	GlobalSection(SolutionConfigurationPlatforms) = preSolution
		Debug|Any CPU = Debug|Any CPU
		Release|Any CPU = Release|Any CPU
	EndGlobalSection
	GlobalSection(ProjectConfigurationPlatforms) = postSolution
		{CCF94767-99F5-441C-B582-73FA06D7FDBB}.Debug|Any CPU.ActiveCfg = Debug|Any CPU
		{CCF94767-99F5-441C-B582-73FA06D7FDBB}.Debug|Any CPU.Build.0 = Debug|Any CPU
		{CCF94767-99F5-441C-B582-73FA06D7FDBB}.Release|Any CPU.ActiveCfg = Release|Any CPU
		{CCF94767-99F5-441C-B582-73FA06D7FDBB}.Release|Any CPU.Build.0 = Release|Any CPU
	EndGlobalSection
	GlobalSection(SolutionProperties) = preSolution
		HideSolutionNode = FALSE
	EndGlobalSection
EndGlobal
